
Microsoft Visual Studio Solution File, Format Version 12.00
# Visual Studio 2013
VisualStudioVersion = 12.0.21005.1
MinimumVisualStudioVersion = 10.0.40219.1
Project("{8BC9CEB8-8B4A-11D0-8D11-00A0C91BC942}") = "Scylla", "Scylla\Scylla.vcxproj", "{710434C9-FC4B-4F1D-B318-E10ADC78499F}"
	ProjectSection(ProjectDependencies) = postProject
		{15051CE1-AB10-4239-973D-01B84F2AD0A9} = {15051CE1-AB10-4239-973D-01B84F2AD0A9}
		{C406DAEC-0886-4771-8DEA-9D7329B46CC1} = {C406DAEC-0886-4771-8DEA-9D7329B46CC1}
	EndProjectSection
EndProject
Project("{2150E333-8FDC-42A3-9474-1A3956D46DE8}") = "Solution Items", "Solution Items", "{4814523D-1988-4131-A72B-32C7881F3A32}"
EndProject
Project("{8BC9CEB8-8B4A-11D0-8D11-00A0C91BC942}") = "tinyxml", "tinyxml\tinyxml_lib.vcxproj", "{C406DAEC-0886-4771-8DEA-9D7329B46CC1}"
EndProject
Project("{8BC9CEB8-8B4A-11D0-8D11-00A0C91BC942}") = "distorm", "diStorm\make\win32\cdistorm.vcxproj", "{15051CE1-AB10-4239-973D-01B84F2AD0A9}"
EndProject
Global
	GlobalSection(SolutionConfigurationPlatforms) = preSolution
		clib|Win32 = clib|Win32
		clib|x64 = clib|x64
		Debug|Win32 = Debug|Win32
		Debug|x64 = Debug|x64
		dll|Win32 = dll|Win32
		dll|x64 = dll|x64
		Release|Win32 = Release|Win32
		Release|x64 = Release|x64
	EndGlobalSection
	GlobalSection(ProjectConfigurationPlatforms) = postSolution
		{710434C9-FC4B-4F1D-B318-E10ADC78499F}.clib|Win32.ActiveCfg = Release|Win32
		{710434C9-FC4B-4F1D-B318-E10ADC78499F}.clib|Win32.Build.0 = Release|Win32
		{710434C9-FC4B-4F1D-B318-E10ADC78499F}.clib|x64.ActiveCfg = Release|x64
		{710434C9-FC4B-4F1D-B318-E10ADC78499F}.clib|x64.Build.0 = Release|x64
		{710434C9-FC4B-4F1D-B318-E10ADC78499F}.Debug|Win32.ActiveCfg = Debug|Win32
		{710434C9-FC4B-4F1D-B318-E10ADC78499F}.Debug|Win32.Build.0 = Debug|Win32
		{710434C9-FC4B-4F1D-B318-E10ADC78499F}.Debug|x64.ActiveCfg = Debug|x64
		{710434C9-FC4B-4F1D-B318-E10ADC78499F}.Debug|x64.Build.0 = Debug|x64
		{710434C9-FC4B-4F1D-B318-E10ADC78499F}.dll|Win32.ActiveCfg = Debug|Win32
		{710434C9-FC4B-4F1D-B318-E10ADC78499F}.dll|Win32.Build.0 = Debug|Win32
		{710434C9-FC4B-4F1D-B318-E10ADC78499F}.dll|x64.ActiveCfg = Debug|x64
		{710434C9-FC4B-4F1D-B318-E10ADC78499F}.dll|x64.Build.0 = Debug|x64
		{710434C9-FC4B-4F1D-B318-E10ADC78499F}.Release|Win32.ActiveCfg = Release|Win32
		{710434C9-FC4B-4F1D-B318-E10ADC78499F}.Release|Win32.Build.0 = Release|Win32
		{710434C9-FC4B-4F1D-B318-E10ADC78499F}.Release|x64.ActiveCfg = Release|x64
		{710434C9-FC4B-4F1D-B318-E10ADC78499F}.Release|x64.Build.0 = Release|x64
		{C406DAEC-0886-4771-8DEA-9D7329B46CC1}.clib|Win32.ActiveCfg = Release|Win32
		{C406DAEC-0886-4771-8DEA-9D7329B46CC1}.clib|Win32.Build.0 = Release|Win32
		{C406DAEC-0886-4771-8DEA-9D7329B46CC1}.clib|x64.ActiveCfg = Release|Win32
		{C406DAEC-0886-4771-8DEA-9D7329B46CC1}.Debug|Win32.ActiveCfg = Debug|Win32
		{C406DAEC-0886-4771-8DEA-9D7329B46CC1}.Debug|Win32.Build.0 = Debug|Win32
		{C406DAEC-0886-4771-8DEA-9D7329B46CC1}.Debug|x64.ActiveCfg = Debug|Win32
		{C406DAEC-0886-4771-8DEA-9D7329B46CC1}.dll|Win32.ActiveCfg = Debug|Win32
		{C406DAEC-0886-4771-8DEA-9D7329B46CC1}.dll|Win32.Build.0 = Debug|Win32
		{C406DAEC-0886-4771-8DEA-9D7329B46CC1}.dll|x64.ActiveCfg = Debug|Win32
		{C406DAEC-0886-4771-8DEA-9D7329B46CC1}.Release|Win32.ActiveCfg = Release|Win32
		{C406DAEC-0886-4771-8DEA-9D7329B46CC1}.Release|Win32.Build.0 = Release|Win32
		{C406DAEC-0886-4771-8DEA-9D7329B46CC1}.Release|x64.ActiveCfg = Release|Win32
		{15051CE1-AB10-4239-973D-01B84F2AD0A9}.clib|Win32.ActiveCfg = clib|Win32
		{15051CE1-AB10-4239-973D-01B84F2AD0A9}.clib|Win32.Build.0 = clib|Win32
		{15051CE1-AB10-4239-973D-01B84F2AD0A9}.clib|x64.ActiveCfg = clib|x64
		{15051CE1-AB10-4239-973D-01B84F2AD0A9}.clib|x64.Build.0 = clib|x64
		{15051CE1-AB10-4239-973D-01B84F2AD0A9}.Debug|Win32.ActiveCfg = dll|Win32
		{15051CE1-AB10-4239-973D-01B84F2AD0A9}.Debug|Win32.Build.0 = dll|Win32
		{15051CE1-AB10-4239-973D-01B84F2AD0A9}.Debug|x64.ActiveCfg = dll|x64
		{15051CE1-AB10-4239-973D-01B84F2AD0A9}.Debug|x64.Build.0 = dll|x64
		{15051CE1-AB10-4239-973D-01B84F2AD0A9}.dll|Win32.ActiveCfg = dll|Win32
		{15051CE1-AB10-4239-973D-01B84F2AD0A9}.dll|Win32.Build.0 = dll|Win32
		{15051CE1-AB10-4239-973D-01B84F2AD0A9}.dll|x64.ActiveCfg = dll|x64
		{15051CE1-AB10-4239-973D-01B84F2AD0A9}.dll|x64.Build.0 = dll|x64
		{15051CE1-AB10-4239-973D-01B84F2AD0A9}.Release|Win32.ActiveCfg = clib|Win32
		{15051CE1-AB10-4239-973D-01B84F2AD0A9}.Release|Win32.Build.0 = clib|Win32
		{15051CE1-AB10-4239-973D-01B84F2AD0A9}.Release|x64.ActiveCfg = clib|x64
		{15051CE1-AB10-4239-973D-01B84F2AD0A9}.Release|x64.Build.0 = clib|x64
	EndGlobalSection
	GlobalSection(SolutionProperties) = preSolution
		HideSolutionNode = FALSE
	EndGlobalSection
EndGlobal
